// !$*UTF8*$!
{
	archiveVersion = 1;
	classes = {
	};
	objectVersion = 56;
	objects = {

/* Begin PBXBuildFile section */
		92BBE0122BEDFF3300C915B0 /* AppDelegate.swift in Sources */ = {isa = PBXBuildFile; fileRef = 92BBE0112BEDFF3300C915B0 /* AppDelegate.swift */; };
		92BBE0142BEDFF3300C915B0 /* SceneDelegate.swift in Sources */ = {isa = PBXBuildFile; fileRef = 92BBE0132BEDFF3300C915B0 /* SceneDelegate.swift */; };
		92BBE0162BEDFF3300C915B0 /* ViewController.swift in Sources */ = {isa = PBXBuildFile; fileRef = 92BBE0152BEDFF3300C915B0 /* ViewController.swift */; };
		92BBE0192BEDFF3300C915B0 /* Main.storyboard in Resources */ = {isa = PBXBuildFile; fileRef = 92BBE0172BEDFF3300C915B0 /* Main.storyboard */; };
		92BBE01B2BEDFF3500C915B0 /* Assets.xcassets in Resources */ = {isa = PBXBuildFile; fileRef = 92BBE01A2BEDFF3500C915B0 /* Assets.xcassets */; };
		92BBE01E2BEDFF3500C915B0 /* LaunchScreen.storyboard in Resources */ = {isa = PBXBuildFile; fileRef = 92BBE01C2BEDFF3500C915B0 /* LaunchScreen.storyboard */; };
		92BBE0292BEDFF3500C915B0 /* RegistrationFormTests.swift in Sources */ = {isa = PBXBuildFile; fileRef = 92BBE0282BEDFF3500C915B0 /* RegistrationFormTests.swift */; };
		92BBE0332BEDFF3500C915B0 /* RegistrationFormUITests.swift in Sources */ = {isa = PBXBuildFile; fileRef = 92BBE0322BEDFF3500C915B0 /* RegistrationFormUITests.swift */; };
		92BBE0352BEDFF3500C915B0 /* RegistrationFormUITestsLaunchTests.swift in Sources */ = {isa = PBXBuildFile; fileRef = 92BBE0342BEDFF3500C915B0 /* RegistrationFormUITestsLaunchTests.swift */; };
		92CA00712BF89E8B00403CEA /* CoreData.xcdatamodeld in Sources */ = {isa = PBXBuildFile; fileRef = 92CA006F2BF89E8B00403CEA /* CoreData.xcdatamodeld */; };
/* End PBXBuildFile section */

/* Begin PBXContainerItemProxy section */
		92BBE0252BEDFF3500C915B0 /* PBXContainerItemProxy */ = {
			isa = PBXContainerItemProxy;
			containerPortal = 92BBE0062BEDFF3300C915B0 /* Project object */;
			proxyType = 1;
			remoteGlobalIDString = 92BBE00D2BEDFF3300C915B0;
			remoteInfo = RegistrationForm;
		};
		92BBE02F2BEDFF3500C915B0 /* PBXContainerItemProxy */ = {
			isa = PBXContainerItemProxy;
			containerPortal = 92BBE0062BEDFF3300C915B0 /* Project object */;
			proxyType = 1;
			remoteGlobalIDString = 92BBE00D2BEDFF3300C915B0;
			remoteInfo = RegistrationForm;
		};
/* End PBXContainerItemProxy section */

/* Begin PBXFileReference section */
		92BBE00E2BEDFF3300C915B0 /* RegistrationForm.app */ = {isa = PBXFileReference; explicitFileType = wrapper.application; includeInIndex = 0; path = RegistrationForm.app; sourceTree = BUILT_PRODUCTS_DIR; };
		92BBE0112BEDFF3300C915B0 /* AppDelegate.swift */ = {isa = PBXFileReference; lastKnownFileType = sourcecode.swift; path = AppDelegate.swift; sourceTree = "<group>"; };
		92BBE0132BEDFF3300C915B0 /* SceneDelegate.swift */ = {isa = PBXFileReference; lastKnownFileType = sourcecode.swift; path = SceneDelegate.swift; sourceTree = "<group>"; };
		92BBE0152BEDFF3300C915B0 /* ViewController.swift */ = {isa = PBXFileReference; lastKnownFileType = sourcecode.swift; path = ViewController.swift; sourceTree = "<group>"; };
		92BBE0182BEDFF3300C915B0 /* Base */ = {isa = PBXFileReference; lastKnownFileType = file.storyboard; name = Base; path = Base.lproj/Main.storyboard; sourceTree = "<group>"; };
		92BBE01A2BEDFF3500C915B0 /* Assets.xcassets */ = {isa = PBXFileReference; lastKnownFileType = folder.assetcatalog; path = Assets.xcassets; sourceTree = "<group>"; };
		92BBE01D2BEDFF3500C915B0 /* Base */ = {isa = PBXFileReference; lastKnownFileType = file.storyboard; name = Base; path = Base.lproj/LaunchScreen.storyboard; sourceTree = "<group>"; };
		92BBE01F2BEDFF3500C915B0 /* Info.plist */ = {isa = PBXFileReference; lastKnownFileType = text.plist.xml; path = Info.plist; sourceTree = "<group>"; };
		92BBE0242BEDFF3500C915B0 /* RegistrationFormTests.xctest */ = {isa = PBXFileReference; explicitFileType = wrapper.cfbundle; includeInIndex = 0; path = RegistrationFormTests.xctest; sourceTree = BUILT_PRODUCTS_DIR; };
		92BBE0282BEDFF3500C915B0 /* RegistrationFormTests.swift */ = {isa = PBXFileReference; lastKnownFileType = sourcecode.swift; path = RegistrationFormTests.swift; sourceTree = "<group>"; };
		92BBE02E2BEDFF3500C915B0 /* RegistrationFormUITests.xctest */ = {isa = PBXFileReference; explicitFileType = wrapper.cfbundle; includeInIndex = 0; path = RegistrationFormUITests.xctest; sourceTree = BUILT_PRODUCTS_DIR; };
		92BBE0322BEDFF3500C915B0 /* RegistrationFormUITests.swift */ = {isa = PBXFileReference; lastKnownFileType = sourcecode.swift; path = RegistrationFormUITests.swift; sourceTree = "<group>"; };
		92BBE0342BEDFF3500C915B0 /* RegistrationFormUITestsLaunchTests.swift */ = {isa = PBXFileReference; lastKnownFileType = sourcecode.swift; path = RegistrationFormUITestsLaunchTests.swift; sourceTree = "<group>"; };
		92CA00702BF89E8B00403CEA /* CoreData.xcdatamodel */ = {isa = PBXFileReference; lastKnownFileType = wrapper.xcdatamodel; path = CoreData.xcdatamodel; sourceTree = "<group>"; };
/* End PBXFileReference section */

/* Begin PBXFrameworksBuildPhase section */
		92BBE00B2BEDFF3300C915B0 /* Frameworks */ = {
			isa = PBXFrameworksBuildPhase;
			buildActionMask = 2147483647;
			files = (
			);
			runOnlyForDeploymentPostprocessing = 0;
		};
		92BBE0212BEDFF3500C915B0 /* Frameworks */ = {
			isa = PBXFrameworksBuildPhase;
			buildActionMask = 2147483647;
			files = (
			);
			runOnlyForDeploymentPostprocessing = 0;
		};
		92BBE02B2BEDFF3500C915B0 /* Frameworks */ = {
			isa = PBXFrameworksBuildPhase;
			buildActionMask = 2147483647;
			files = (
			);
			runOnlyForDeploymentPostprocessing = 0;
		};
/* End PBXFrameworksBuildPhase section */

/* Begin PBXGroup section */
		92BBE0052BEDFF3300C915B0 = {
			isa = PBXGroup;
			children = (
				92CA006F2BF89E8B00403CEA /* CoreData.xcdatamodeld */,
				92BBE0102BEDFF3300C915B0 /* RegistrationForm */,
				92BBE0272BEDFF3500C915B0 /* RegistrationFormTests */,
				92BBE0312BEDFF3500C915B0 /* RegistrationFormUITests */,
				92BBE00F2BEDFF3300C915B0 /* Products */,
			);
			sourceTree = "<group>";
		};
		92BBE00F2BEDFF3300C915B0 /* Products */ = {
			isa = PBXGroup;
			children = (
				92BBE00E2BEDFF3300C915B0 /* RegistrationForm.app */,
				92BBE0242BEDFF3500C915B0 /* RegistrationFormTests.xctest */,
				92BBE02E2BEDFF3500C915B0 /* RegistrationFormUITests.xctest */,
			);
			name = Products;
			sourceTree = "<group>";
		};
		92BBE0102BEDFF3300C915B0 /* RegistrationForm */ = {
			isa = PBXGroup;
			children = (
				92BBE0112BEDFF3300C915B0 /* AppDelegate.swift */,
				92BBE0132BEDFF3300C915B0 /* SceneDelegate.swift */,
				92BBE0152BEDFF3300C915B0 /* ViewController.swift */,
				92BBE0172BEDFF3300C915B0 /* Main.storyboard */,
				92BBE01A2BEDFF3500C915B0 /* Assets.xcassets */,
				92BBE01C2BEDFF3500C915B0 /* LaunchScreen.storyboard */,
				92BBE01F2BEDFF3500C915B0 /* Info.plist */,
			);
			path = RegistrationForm;
			sourceTree = "<group>";
		};
		92BBE0272BEDFF3500C915B0 /* RegistrationFormTests */ = {
			isa = PBXGroup;
			children = (
				92BBE0282BEDFF3500C915B0 /* RegistrationFormTests.swift */,
			);
			path = RegistrationFormTests;
			sourceTree = "<group>";
		};
		92BBE0312BEDFF3500C915B0 /* RegistrationFormUITests */ = {
			isa = PBXGroup;
			children = (
				92BBE0322BEDFF3500C915B0 /* RegistrationFormUITests.swift */,
				92BBE0342BEDFF3500C915B0 /* RegistrationFormUITestsLaunchTests.swift */,
			);
			path = RegistrationFormUITests;
			sourceTree = "<group>";
		};
/* End PBXGroup section */

/* Begin PBXNativeTarget section */
		92BBE00D2BEDFF3300C915B0 /* RegistrationForm */ = {
			isa = PBXNativeTarget;
			buildConfigurationList = 92BBE0382BEDFF3500C915B0 /* Build configuration list for PBXNativeTarget "RegistrationForm" */;
			buildPhases = (
				92BBE00A2BEDFF3300C915B0 /* Sources */,
				92BBE00B2BEDFF3300C915B0 /* Frameworks */,
				92BBE00C2BEDFF3300C915B0 /* Resources */,
			);
			buildRules = (
			);
			dependencies = (
			);
			name = RegistrationForm;
			productName = RegistrationForm;
			productReference = 92BBE00E2BEDFF3300C915B0 /* RegistrationForm.app */;
			productType = "com.apple.product-type.application";
		};
		92BBE0232BEDFF3500C915B0 /* RegistrationFormTests */ = {
			isa = PBXNativeTarget;
			buildConfigurationList = 92BBE03B2BEDFF3500C915B0 /* Build configuration list for PBXNativeTarget "RegistrationFormTests" */;
			buildPhases = (
				92BBE0202BEDFF3500C915B0 /* Sources */,
				92BBE0212BEDFF3500C915B0 /* Frameworks */,
				92BBE0222BEDFF3500C915B0 /* Resources */,
			);
			buildRules = (
			);
			dependencies = (
				92BBE0262BEDFF3500C915B0 /* PBXTargetDependency */,
			);
			name = RegistrationFormTests;
			productName = RegistrationFormTests;
			productReference = 92BBE0242BEDFF3500C915B0 /* RegistrationFormTests.xctest */;
			productType = "com.apple.product-type.bundle.unit-test";
		};
		92BBE02D2BEDFF3500C915B0 /* RegistrationFormUITests */ = {
			isa = PBXNativeTarget;
			buildConfigurationList = 92BBE03E2BEDFF3500C915B0 /* Build configuration list for PBXNativeTarget "RegistrationFormUITests" */;
			buildPhases = (
				92BBE02A2BEDFF3500C915B0 /* Sources */,
				92BBE02B2BEDFF3500C915B0 /* Frameworks */,
				92BBE02C2BEDFF3500C915B0 /* Resources */,
			);
			buildRules = (
			);
			dependencies = (
				92BBE0302BEDFF3500C915B0 /* PBXTargetDependency */,
			);
			name = RegistrationFormUITests;
			productName = RegistrationFormUITests;
			productReference = 92BBE02E2BEDFF3500C915B0 /* RegistrationFormUITests.xctest */;
			productType = "com.apple.product-type.bundle.ui-testing";
		};
/* End PBXNativeTarget section */

/* Begin PBXProject section */
		92BBE0062BEDFF3300C915B0 /* Project object */ = {
			isa = PBXProject;
			attributes = {
				BuildIndependentTargetsInParallel = 1;
				LastSwiftUpdateCheck = 1410;
				LastUpgradeCheck = 1410;
				TargetAttributes = {
					92BBE00D2BEDFF3300C915B0 = {
						CreatedOnToolsVersion = 14.1;
					};
					92BBE0232BEDFF3500C915B0 = {
						CreatedOnToolsVersion = 14.1;
						TestTargetID = 92BBE00D2BEDFF3300C915B0;
					};
					92BBE02D2BEDFF3500C915B0 = {
						CreatedOnToolsVersion = 14.1;
						TestTargetID = 92BBE00D2BEDFF3300C915B0;
					};
				};
			};
			buildConfigurationList = 92BBE0092BEDFF3300C915B0 /* Build configuration list for PBXProject "RegistrationForm" */;
			compatibilityVersion = "Xcode 14.0";
			developmentRegion = en;
			hasScannedForEncodings = 0;
			knownRegions = (
				en,
				Base,
			);
			mainGroup = 92BBE0052BEDFF3300C915B0;
			productRefGroup = 92BBE00F2BEDFF3300C915B0 /* Products */;
			projectDirPath = "";
			projectRoot = "";
			targets = (
				92BBE00D2BEDFF3300C915B0 /* RegistrationForm */,
				92BBE0232BEDFF3500C915B0 /* RegistrationFormTests */,
				92BBE02D2BEDFF3500C915B0 /* RegistrationFormUITests */,
			);
		};
/* End PBXProject section */

/* Begin PBXResourcesBuildPhase section */
		92BBE00C2BEDFF3300C915B0 /* Resources */ = {
			isa = PBXResourcesBuildPhase;
			buildActionMask = 2147483647;
			files = (
				92BBE01E2BEDFF3500C915B0 /* LaunchScreen.storyboard in Resources */,
				92BBE01B2BEDFF3500C915B0 /* Assets.xcassets in Resources */,
				92BBE0192BEDFF3300C915B0 /* Main.storyboard in Resources */,
			);
			runOnlyForDeploymentPostprocessing = 0;
		};
		92BBE0222BEDFF3500C915B0 /* Resources */ = {
			isa = PBXResourcesBuildPhase;
			buildActionMask = 2147483647;
			files = (
			);
			runOnlyForDeploymentPostprocessing = 0;
		};
		92BBE02C2BEDFF3500C915B0 /* Resources */ = {
			isa = PBXResourcesBuildPhase;
			buildActionMask = 2147483647;
			files = (
			);
			runOnlyForDeploymentPostprocessing = 0;
		};
/* End PBXResourcesBuildPhase section */

/* Begin PBXSourcesBuildPhase section */
		92BBE00A2BEDFF3300C915B0 /* Sources */ = {
			isa = PBXSourcesBuildPhase;
			buildActionMask = 2147483647;
			files = (
				92CA00712BF89E8B00403CEA /* CoreData.xcdatamodeld in Sources */,
				92BBE0162BEDFF3300C915B0 /* ViewController.swift in Sources */,
				92BBE0122BEDFF3300C915B0 /* AppDelegate.swift in Sources */,
				92BBE0142BEDFF3300C915B0 /* SceneDelegate.swift in Sources */,
			);
			runOnlyForDeploymentPostprocessing = 0;
		};
		92BBE0202BEDFF3500C915B0 /* Sources */ = {
			isa = PBXSourcesBuildPhase;
			buildActionMask = 2147483647;
			files = (
				92BBE0292BEDFF3500C915B0 /* RegistrationFormTests.swift in Sources */,
			);
			runOnlyForDeploymentPostprocessing = 0;
		};
		92BBE02A2BEDFF3500C915B0 /* Sources */ = {
			isa = PBXSourcesBuildPhase;
			buildActionMask = 2147483647;
			files = (
				92BBE0332BEDFF3500C915B0 /* RegistrationFormUITests.swift in Sources */,
				92BBE0352BEDFF3500C915B0 /* RegistrationFormUITestsLaunchTests.swift in Sources */,
			);
			runOnlyForDeploymentPostprocessing = 0;
		};
/* End PBXSourcesBuildPhase section */

/* Begin PBXTargetDependency section */
		92BBE0262BEDFF3500C915B0 /* PBXTargetDependency */ = {
			isa = PBXTargetDependency;
			target = 92BBE00D2BEDFF3300C915B0 /* RegistrationForm */;
			targetProxy = 92BBE0252BEDFF3500C915B0 /* PBXContainerItemProxy */;
		};
		92BBE0302BEDFF3500C915B0 /* PBXTargetDependency */ = {
			isa = PBXTargetDependency;
			target = 92BBE00D2BEDFF3300C915B0 /* RegistrationForm */;
			targetProxy = 92BBE02F2BEDFF3500C915B0 /* PBXContainerItemProxy */;
		};
/* End PBXTargetDependency section */

/* Begin PBXVariantGroup section */
		92BBE0172BEDFF3300C915B0 /* Main.storyboard */ = {
			isa = PBXVariantGroup;
			children = (
				92BBE0182BEDFF3300C915B0 /* Base */,
			);
			name = Main.storyboard;
			sourceTree = "<group>";
		};
		92BBE01C2BEDFF3500C915B0 /* LaunchScreen.storyboard */ = {
			isa = PBXVariantGroup;
			children = (
				92BBE01D2BEDFF3500C915B0 /* Base */,
			);
			name = LaunchScreen.storyboard;
			sourceTree = "<group>";
		};
/* End PBXVariantGroup section */

/* Begin XCBuildConfiguration section */
		92BBE0362BEDFF3500C915B0 /* Debug */ = {
			isa = XCBuildConfiguration;
			buildSettings = {
				ALWAYS_SEARCH_USER_PATHS = NO;
				CLANG_ANALYZER_NONNULL = YES;
				CLANG_ANALYZER_NUMBER_OBJECT_CONVERSION = YES_AGGRESSIVE;
				CLANG_CXX_LANGUAGE_STANDARD = "gnu++20";
				CLANG_ENABLE_MODULES = YES;
				CLANG_ENABLE_OBJC_ARC = YES;
				CLANG_ENABLE_OBJC_WEAK = YES;
				CLANG_WARN_BLOCK_CAPTURE_AUTORELEASING = YES;
				CLANG_WARN_BOOL_CONVERSION = YES;
				CLANG_WARN_COMMA = YES;
				CLANG_WARN_CONSTANT_CONVERSION = YES;
				CLANG_WARN_DEPRECATED_OBJC_IMPLEMENTATIONS = YES;
				CLANG_WARN_DIRECT_OBJC_ISA_USAGE = YES_ERROR;
				CLANG_WARN_DOCUMENTATION_COMMENTS = YES;
				CLANG_WARN_EMPTY_BODY = YES;
				CLANG_WARN_ENUM_CONVERSION = YES;
				CLANG_WARN_INFINITE_RECURSION = YES;
				CLANG_WARN_INT_CONVERSION = YES;
				CLANG_WARN_NON_LITERAL_NULL_CONVERSION = YES;
				CLANG_WARN_OBJC_IMPLICIT_RETAIN_SELF = YES;
				CLANG_WARN_OBJC_LITERAL_CONVERSION = YES;
				CLANG_WARN_OBJC_ROOT_CLASS = YES_ERROR;
				CLANG_WARN_QUOTED_INCLUDE_IN_FRAMEWORK_HEADER = YES;
				CLANG_WARN_RANGE_LOOP_ANALYSIS = YES;
				CLANG_WARN_STRICT_PROTOTYPES = YES;
				CLANG_WARN_SUSPICIOUS_MOVE = YES;
				CLANG_WARN_UNGUARDED_AVAILABILITY = YES_AGGRESSIVE;
				CLANG_WARN_UNREACHABLE_CODE = YES;
				CLANG_WARN__DUPLICATE_METHOD_MATCH = YES;
				COPY_PHASE_STRIP = NO;
				DEBUG_INFORMATION_FORMAT = dwarf;
				ENABLE_STRICT_OBJC_MSGSEND = YES;
				ENABLE_TESTABILITY = YES;
				GCC_C_LANGUAGE_STANDARD = gnu11;
				GCC_DYNAMIC_NO_PIC = NO;
				GCC_NO_COMMON_BLOCKS = YES;
				GCC_OPTIMIZATION_LEVEL = 0;
				GCC_PREPROCESSOR_DEFINITIONS = (
					"DEBUG=1",
					"$(inherited)",
				);
				GCC_WARN_64_TO_32_BIT_CONVERSION = YES;
				GCC_WARN_ABOUT_RETURN_TYPE = YES_ERROR;
				GCC_WARN_UNDECLARED_SELECTOR = YES;
				GCC_WARN_UNINITIALIZED_AUTOS = YES_AGGRESSIVE;
				GCC_WARN_UNUSED_FUNCTION = YES;
				GCC_WARN_UNUSED_VARIABLE = YES;
				IPHONEOS_DEPLOYMENT_TARGET = 16.1;
				MTL_ENABLE_DEBUG_INFO = INCLUDE_SOURCE;
				MTL_FAST_MATH = YES;
				ONLY_ACTIVE_ARCH = YES;
				SDKROOT = iphoneos;
				SWIFT_ACTIVE_COMPILATION_CONDITIONS = DEBUG;
				SWIFT_OPTIMIZATION_LEVEL = "-Onone";
			};
			name = Debug;
		};
		92BBE0372BEDFF3500C915B0 /* Release */ = {
			isa = XCBuildConfiguration;
			buildSettings = {
				ALWAYS_SEARCH_USER_PATHS = NO;
				CLANG_ANALYZER_NONNULL = YES;
				CLANG_ANALYZER_NUMBER_OBJECT_CONVERSION = YES_AGGRESSIVE;
				CLANG_CXX_LANGUAGE_STANDARD = "gnu++20";
				CLANG_ENABLE_MODULES = YES;
				CLANG_ENABLE_OBJC_ARC = YES;
				CLANG_ENABLE_OBJC_WEAK = YES;
				CLANG_WARN_BLOCK_CAPTURE_AUTORELEASING = YES;
				CLANG_WARN_BOOL_CONVERSION = YES;
				CLANG_WARN_COMMA = YES;
				CLANG_WARN_CONSTANT_CONVERSION = YES;
				CLANG_WARN_DEPRECATED_OBJC_IMPLEMENTATIONS = YES;
				CLANG_WARN_DIRECT_OBJC_ISA_USAGE = YES_ERROR;
				CLANG_WARN_DOCUMENTATION_COMMENTS = YES;
				CLANG_WARN_EMPTY_BODY = YES;
				CLANG_WARN_ENUM_CONVERSION = YES;
				CLANG_WARN_INFINITE_RECURSION = YES;
				CLANG_WARN_INT_CONVERSION = YES;
				CLANG_WARN_NON_LITERAL_NULL_CONVERSION = YES;
				CLANG_WARN_OBJC_IMPLICIT_RETAIN_SELF = YES;
				CLANG_WARN_OBJC_LITERAL_CONVERSION = YES;
				CLANG_WARN_OBJC_ROOT_CLASS = YES_ERROR;
				CLANG_WARN_QUOTED_INCLUDE_IN_FRAMEWORK_HEADER = YES;
				CLANG_WARN_RANGE_LOOP_ANALYSIS = YES;
				CLANG_WARN_STRICT_PROTOTYPES = YES;
				CLANG_WARN_SUSPICIOUS_MOVE = YES;
				CLANG_WARN_UNGUARDED_AVAILABILITY = YES_AGGRESSIVE;
				CLANG_WARN_UNREACHABLE_CODE = YES;
				CLANG_WARN__DUPLICATE_METHOD_MATCH = YES;
				COPY_PHASE_STRIP = NO;
				DEBUG_INFORMATION_FORMAT = "dwarf-with-dsym";
				ENABLE_NS_ASSERTIONS = NO;
				ENABLE_STRICT_OBJC_MSGSEND = YES;
				GCC_C_LANGUAGE_STANDARD = gnu11;
				GCC_NO_COMMON_BLOCKS = YES;
				GCC_WARN_64_TO_32_BIT_CONVERSION = YES;
				GCC_WARN_ABOUT_RETURN_TYPE = YES_ERROR;
				GCC_WARN_UNDECLARED_SELECTOR = YES;
				GCC_WARN_UNINITIALIZED_AUTOS = YES_AGGRESSIVE;
				GCC_WARN_UNUSED_FUNCTION = YES;
				GCC_WARN_UNUSED_VARIABLE = YES;
				IPHONEOS_DEPLOYMENT_TARGET = 16.1;
				MTL_ENABLE_DEBUG_INFO = NO;
				MTL_FAST_MATH = YES;
				SDKROOT = iphoneos;
				SWIFT_COMPILATION_MODE = wholemodule;
				SWIFT_OPTIMIZATION_LEVEL = "-O";
				VALIDATE_PRODUCT = YES;
			};
			name = Release;
		};
		92BBE0392BEDFF3500C915B0 /* Debug */ = {
			isa = XCBuildConfiguration;
			buildSettings = {
				ASSETCATALOG_COMPILER_APPICON_NAME = AppIcon;
				ASSETCATALOG_COMPILER_GLOBAL_ACCENT_COLOR_NAME = AccentColor;
				CODE_SIGN_STYLE = Automatic;
				CURRENT_PROJECT_VERSION = 1;
				DEVELOPMENT_TEAM = WM6LMW58YJ;
				GENERATE_INFOPLIST_FILE = YES;
				INFOPLIST_FILE = RegistrationForm/Info.plist;
				INFOPLIST_KEY_UIApplicationSupportsIndirectInputEvents = YES;
				INFOPLIST_KEY_UILaunchStoryboardName = LaunchScreen;
				INFOPLIST_KEY_UIMainStoryboardFile = Main;
				INFOPLIST_KEY_UISupportedInterfaceOrientations_iPad = "UIInterfaceOrientationPortrait UIInterfaceOrientationPortraitUpsideDown UIInterfaceOrientationLandscapeLeft UIInterfaceOrientationLandscapeRight";
				INFOPLIST_KEY_UISupportedInterfaceOrientations_iPhone = "UIInterfaceOrientationPortrait UIInterfaceOrientationLandscapeLeft UIInterfaceOrientationLandscapeRight";
				LD_RUNPATH_SEARCH_PATHS = (
					"$(inherited)",
					"@executable_path/Frameworks",
				);
				MARKETING_VERSION = 1.0;
				PRODUCT_BUNDLE_IDENTIFIER = com.neosoftmail.RegistrationForm;
				PRODUCT_NAME = "$(TARGET_NAME)";
				SWIFT_EMIT_LOC_STRINGS = YES;
				SWIFT_VERSION = 5.0;
				TARGETED_DEVICE_FAMILY = "1,2";
			};
			name = Debug;
		};
		92BBE03A2BEDFF3500C915B0 /* Release */ = {
			isa = XCBuildConfiguration;
			buildSettings = {
				ASSETCATALOG_COMPILER_APPICON_NAME = AppIcon;
				ASSETCATALOG_COMPILER_GLOBAL_ACCENT_COLOR_NAME = AccentColor;
				CODE_SIGN_STYLE = Automatic;
				CURRENT_PROJECT_VERSION = 1;
				DEVELOPMENT_TEAM = WM6LMW58YJ;
				GENERATE_INFOPLIST_FILE = YES;
				INFOPLIST_FILE = RegistrationForm/Info.plist;
				INFOPLIST_KEY_UIApplicationSupportsIndirectInputEvents = YES;
				INFOPLIST_KEY_UILaunchStoryboardName = LaunchScreen;
				INFOPLIST_KEY_UIMainStoryboardFile = Main;
				INFOPLIST_KEY_UISupportedInterfaceOrientations_iPad = "UIInterfaceOrientationPortrait UIInterfaceOrientationPortraitUpsideDown UIInterfaceOrientationLandscapeLeft UIInterfaceOrientationLandscapeRight";
				INFOPLIST_KEY_UISupportedInterfaceOrientations_iPhone = "UIInterfaceOrientationPortrait UIInterfaceOrientationLandscapeLeft UIInterfaceOrientationLandscapeRight";
				LD_RUNPATH_SEARCH_PATHS = (
					"$(inherited)",
					"@executable_path/Frameworks",
				);
				MARKETING_VERSION = 1.0;
				PRODUCT_BUNDLE_IDENTIFIER = com.neosoftmail.RegistrationForm;
				PRODUCT_NAME = "$(TARGET_NAME)";
				SWIFT_EMIT_LOC_STRINGS = YES;
				SWIFT_VERSION = 5.0;
				TARGETED_DEVICE_FAMILY = "1,2";
			};
			name = Release;
		};
		92BBE03C2BEDFF3500C915B0 /* Debug */ = {
			isa = XCBuildConfiguration;
			buildSettings = {
				ALWAYS_EMBED_SWIFT_STANDARD_LIBRARIES = YES;
				BUNDLE_LOADER = "$(TEST_HOST)";
				CODE_SIGN_STYLE = Automatic;
				CURRENT_PROJECT_VERSION = 1;
				DEVELOPMENT_TEAM = WM6LMW58YJ;
				GENERATE_INFOPLIST_FILE = YES;
				IPHONEOS_DEPLOYMENT_TARGET = 16.1;
				MARKETING_VERSION = 1.0;
				PRODUCT_BUNDLE_IDENTIFIER = com.neosoftmail.RegistrationFormTests;
				PRODUCT_NAME = "$(TARGET_NAME)";
				SWIFT_EMIT_LOC_STRINGS = NO;
				SWIFT_VERSION = 5.0;
				TARGETED_DEVICE_FAMILY = "1,2";
				TEST_HOST = "$(BUILT_PRODUCTS_DIR)/RegistrationForm.app/$(BUNDLE_EXECUTABLE_FOLDER_PATH)/RegistrationForm";
			};
			name = Debug;
		};
		92BBE03D2BEDFF3500C915B0 /* Release */ = {
			isa = XCBuildConfiguration;
			buildSettings = {
				ALWAYS_EMBED_SWIFT_STANDARD_LIBRARIES = YES;
				BUNDLE_LOADER = "$(TEST_HOST)";
				CODE_SIGN_STYLE = Automatic;
				CURRENT_PROJECT_VERSION = 1;
				DEVELOPMENT_TEAM = WM6LMW58YJ;
				GENERATE_INFOPLIST_FILE = YES;
				IPHONEOS_DEPLOYMENT_TARGET = 16.1;
				MARKETING_VERSION = 1.0;
				PRODUCT_BUNDLE_IDENTIFIER = com.neosoftmail.RegistrationFormTests;
				PRODUCT_NAME = "$(TARGET_NAME)";
				SWIFT_EMIT_LOC_STRINGS = NO;
				SWIFT_VERSION = 5.0;
				TARGETED_DEVICE_FAMILY = "1,2";
				TEST_HOST = "$(BUILT_PRODUCTS_DIR)/RegistrationForm.app/$(BUNDLE_EXECUTABLE_FOLDER_PATH)/RegistrationForm";
			};
			name = Release;
		};
		92BBE03F2BEDFF3500C915B0 /* Debug */ = {
			isa = XCBuildConfiguration;
			buildSettings = {
				ALWAYS_EMBED_SWIFT_STANDARD_LIBRARIES = YES;
				CODE_SIGN_STYLE = Automatic;
				CURRENT_PROJECT_VERSION = 1;
				DEVELOPMENT_TEAM = WM6LMW58YJ;
				GENERATE_INFOPLIST_FILE = YES;
				MARKETING_VERSION = 1.0;
				PRODUCT_BUNDLE_IDENTIFIER = com.neosoftmail.RegistrationFormUITests;
				PRODUCT_NAME = "$(TARGET_NAME)";
				SWIFT_EMIT_LOC_STRINGS = NO;
				SWIFT_VERSION = 5.0;
				TARGETED_DEVICE_FAMILY = "1,2";
				TEST_TARGET_NAME = RegistrationForm;
			};
			name = Debug;
		};
		92BBE0402BEDFF3500C915B0 /* Release */ = {
			isa = XCBuildConfiguration;
			buildSettings = {
				ALWAYS_EMBED_SWIFT_STANDARD_LIBRARIES = YES;
				CODE_SIGN_STYLE = Automatic;
				CURRENT_PROJECT_VERSION = 1;
				DEVELOPMENT_TEAM = WM6LMW58YJ;
				GENERATE_INFOPLIST_FILE = YES;
				MARKETING_VERSION = 1.0;
				PRODUCT_BUNDLE_IDENTIFIER = com.neosoftmail.RegistrationFormUITests;
				PRODUCT_NAME = "$(TARGET_NAME)";
				SWIFT_EMIT_LOC_STRINGS = NO;
				SWIFT_VERSION = 5.0;
				TARGETED_DEVICE_FAMILY = "1,2";
				TEST_TARGET_NAME = RegistrationForm;
			};
			name = Release;
		};
/* End XCBuildConfiguration section */

/* Begin XCConfigurationList section */
		92BBE0092BEDFF3300C915B0 /* Build configuration list for PBXProject "RegistrationForm" */ = {
			isa = XCConfigurationList;
			buildConfigurations = (
				92BBE0362BEDFF3500C915B0 /* Debug */,
				92BBE0372BEDFF3500C915B0 /* Release */,
			);
			defaultConfigurationIsVisible = 0;
			defaultConfigurationName = Release;
		};
		92BBE0382BEDFF3500C915B0 /* Build configuration list for PBXNativeTarget "RegistrationForm" */ = {
			isa = XCConfigurationList;
			buildConfigurations = (
				92BBE0392BEDFF3500C915B0 /* Debug */,
				92BBE03A2BEDFF3500C915B0 /* Release */,
			);
			defaultConfigurationIsVisible = 0;
			defaultConfigurationName = Release;
		};
		92BBE03B2BEDFF3500C915B0 /* Build configuration list for PBXNativeTarget "RegistrationFormTests" */ = {
			isa = XCConfigurationList;
			buildConfigurations = (
				92BBE03C2BEDFF3500C915B0 /* Debug */,
				92BBE03D2BEDFF3500C915B0 /* Release */,
			);
			defaultConfigurationIsVisible = 0;
			defaultConfigurationName = Release;
		};
		92BBE03E2BEDFF3500C915B0 /* Build configuration list for PBXNativeTarget "RegistrationFormUITests" */ = {
			isa = XCConfigurationList;
			buildConfigurations = (
				92BBE03F2BEDFF3500C915B0 /* Debug */,
				92BBE0402BEDFF3500C915B0 /* Release */,
			);
			defaultConfigurationIsVisible = 0;
			defaultConfigurationName = Release;
		};
/* End XCConfigurationList section */

/* Begin XCVersionGroup section */
		92CA006F2BF89E8B00403CEA /* CoreData.xcdatamodeld */ = {
			isa = XCVersionGroup;
			children = (
				92CA00702BF89E8B00403CEA /* CoreData.xcdatamodel */,
			);
			currentVersion = 92CA00702BF89E8B00403CEA /* CoreData.xcdatamodel */;
			path = CoreData.xcdatamodeld;
			sourceTree = "<group>";
			versionGroupType = wrapper.xcdatamodel;
		};
/* End XCVersionGroup section */
	};
	rootObject = 92BBE0062BEDFF3300C915B0 /* Project object */;
}
